
Microsoft Visual Studio Solution File, Format Version 12.00
# Visual Studio Version 17
VisualStudioVersion = 17.9.34701.34
MinimumVisualStudioVersion = 10.0.40219.1
Project("{FAE04EC0-301F-11D3-BF4B-00C04F79EFBC}") = "adagent", "adagent\adagent.csproj", "{EE9D4795-8FA7-402C-A89F-9B78079C10A5}"
EndProject
Global
	GlobalSection(SolutionConfigurationPlatforms) = preSolution
		Debug|Any CPU = Debug|Any CPU
		Release|Any CPU = Release|Any CPU
	EndGlobalSection
	GlobalSection(ProjectConfigurationPlatforms) = postSolution
		{EE9D4795-8FA7-402C-A89F-9B78079C10A5}.Debug|Any CPU.ActiveCfg = Debug|Any CPU
		{EE9D4795-8FA7-402C-A89F-9B78079C10A5}.Debug|Any CPU.Build.0 = Debug|Any CPU
		{EE9D4795-8FA7-402C-A89F-9B78079C10A5}.Release|Any CPU.ActiveCfg = Release|Any CPU
		{EE9D4795-8FA7-402C-A89F-9B78079C10A5}.Release|Any CPU.Build.0 = Release|Any CPU
	EndGlobalSection
	GlobalSection(SolutionProperties) = preSolution
		HideSolutionNode = FALSE
	EndGlobalSection
	GlobalSection(ExtensibilityGlobals) = postSolution
		SolutionGuid = {672A62C7-5DE3-42B7-B3B9-CD57AB91A0EC}
	EndGlobalSection
EndGlobal
